
Microsoft Visual Studio Solution File, Format Version 12.00
# Visual Studio 14
VisualStudioVersion = 14.0.25420.1
MinimumVisualStudioVersion = 10.0.40219.1
Project("{FAE04EC0-301F-11D3-BF4B-00C04F79EFBC}") = "Rn.Mailer", "Rn.Mailer\Rn.Mailer.csproj", "{1C294C9D-8895-4A9B-8361-97222DDACA25}"
EndProject
Project("{FAE04EC0-301F-11D3-BF4B-00C04F79EFBC}") = "Rn.Mailer.Core", "Rn.Mailer.Core\Rn.Mailer.Core.csproj", "{E759EF09-D29C-4DC1-BC7C-F0D8BFF38EB8}"
EndProject
Project("{FAE04EC0-301F-11D3-BF4B-00C04F79EFBC}") = "Rn.Mailer.DAL", "Rn.Mailer.DAL\Rn.Mailer.DAL.csproj", "{4F78C625-4809-43FE-B07A-134AE89CFE76}"
EndProject
Project("{FAE04EC0-301F-11D3-BF4B-00C04F79EFBC}") = "Rn.Mailer.Tools", "Rn.Mailer.Tools\Rn.Mailer.Tools.csproj", "{E20657DD-6195-4CE2-80C7-FDF3D08E2F37}"
EndProject
Project("{FAE04EC0-301F-11D3-BF4B-00C04F79EFBC}") = "Rn.Mailer.Client", "Rn.Mailer.Client\Rn.Mailer.Client.csproj", "{F5F7B567-6C33-4DC6-82B2-2DCF7433AF24}"
EndProject
Project("{2150E333-8FDC-42A3-9474-1A3956D46DE8}") = "Tests", "Tests", "{ECA9FE42-1856-4202-935E-9BB8C9C7205E}"
EndProject
Project("{FAE04EC0-301F-11D3-BF4B-00C04F79EFBC}") = "Rn.MailerTests", "Rn.MailerTests\Rn.MailerTests.csproj", "{CCEA4FED-360C-40D1-8B3D-3311594B82E8}"
EndProject
Project("{FAE04EC0-301F-11D3-BF4B-00C04F79EFBC}") = "Rn.Mailer.ClientTests", "Rn.Mailer.ClientTests\Rn.Mailer.ClientTests.csproj", "{2DAA7CC4-0E2B-4AD8-AC21-68296CB0B972}"
EndProject
Project("{FAE04EC0-301F-11D3-BF4B-00C04F79EFBC}") = "Rn.Mailer.CoreTests", "Rn.Mailer.CoreTests\Rn.Mailer.CoreTests.csproj", "{77CBF19D-9F1B-4CE6-B2B1-B6D4069FA433}"
EndProject
Project("{FAE04EC0-301F-11D3-BF4B-00C04F79EFBC}") = "Rn.Mailer.DALTests", "Rn.Mailer.DALTests\Rn.Mailer.DALTests.csproj", "{25139647-CDAB-49CA-B785-CF5C4A4151F6}"
EndProject
Global
	GlobalSection(SolutionConfigurationPlatforms) = preSolution
		Debug|Any CPU = Debug|Any CPU
		Release|Any CPU = Release|Any CPU
	EndGlobalSection
	GlobalSection(ProjectConfigurationPlatforms) = postSolution
		{1C294C9D-8895-4A9B-8361-97222DDACA25}.Debug|Any CPU.ActiveCfg = Debug|Any CPU
		{1C294C9D-8895-4A9B-8361-97222DDACA25}.Debug|Any CPU.Build.0 = Debug|Any CPU
		{1C294C9D-8895-4A9B-8361-97222DDACA25}.Release|Any CPU.ActiveCfg = Release|Any CPU
		{1C294C9D-8895-4A9B-8361-97222DDACA25}.Release|Any CPU.Build.0 = Release|Any CPU
		{E759EF09-D29C-4DC1-BC7C-F0D8BFF38EB8}.Debug|Any CPU.ActiveCfg = Debug|Any CPU
		{E759EF09-D29C-4DC1-BC7C-F0D8BFF38EB8}.Debug|Any CPU.Build.0 = Debug|Any CPU
		{E759EF09-D29C-4DC1-BC7C-F0D8BFF38EB8}.Release|Any CPU.ActiveCfg = Release|Any CPU
		{E759EF09-D29C-4DC1-BC7C-F0D8BFF38EB8}.Release|Any CPU.Build.0 = Release|Any CPU
		{4F78C625-4809-43FE-B07A-134AE89CFE76}.Debug|Any CPU.ActiveCfg = Debug|Any CPU
		{4F78C625-4809-43FE-B07A-134AE89CFE76}.Debug|Any CPU.Build.0 = Debug|Any CPU
		{4F78C625-4809-43FE-B07A-134AE89CFE76}.Release|Any CPU.ActiveCfg = Release|Any CPU
		{4F78C625-4809-43FE-B07A-134AE89CFE76}.Release|Any CPU.Build.0 = Release|Any CPU
		{E20657DD-6195-4CE2-80C7-FDF3D08E2F37}.Debug|Any CPU.ActiveCfg = Debug|Any CPU
		{E20657DD-6195-4CE2-80C7-FDF3D08E2F37}.Debug|Any CPU.Build.0 = Debug|Any CPU
		{E20657DD-6195-4CE2-80C7-FDF3D08E2F37}.Release|Any CPU.ActiveCfg = Release|Any CPU
		{E20657DD-6195-4CE2-80C7-FDF3D08E2F37}.Release|Any CPU.Build.0 = Release|Any CPU
		{F5F7B567-6C33-4DC6-82B2-2DCF7433AF24}.Debug|Any CPU.ActiveCfg = Debug|Any CPU
		{F5F7B567-6C33-4DC6-82B2-2DCF7433AF24}.Debug|Any CPU.Build.0 = Debug|Any CPU
		{F5F7B567-6C33-4DC6-82B2-2DCF7433AF24}.Release|Any CPU.ActiveCfg = Release|Any CPU
		{F5F7B567-6C33-4DC6-82B2-2DCF7433AF24}.Release|Any CPU.Build.0 = Release|Any CPU
		{CCEA4FED-360C-40D1-8B3D-3311594B82E8}.Debug|Any CPU.ActiveCfg = Debug|Any CPU
		{CCEA4FED-360C-40D1-8B3D-3311594B82E8}.Debug|Any CPU.Build.0 = Debug|Any CPU
		{CCEA4FED-360C-40D1-8B3D-3311594B82E8}.Release|Any CPU.ActiveCfg = Release|Any CPU
		{CCEA4FED-360C-40D1-8B3D-3311594B82E8}.Release|Any CPU.Build.0 = Release|Any CPU
		{2DAA7CC4-0E2B-4AD8-AC21-68296CB0B972}.Debug|Any CPU.ActiveCfg = Debug|Any CPU
		{2DAA7CC4-0E2B-4AD8-AC21-68296CB0B972}.Debug|Any CPU.Build.0 = Debug|Any CPU
		{2DAA7CC4-0E2B-4AD8-AC21-68296CB0B972}.Release|Any CPU.ActiveCfg = Release|Any CPU
		{2DAA7CC4-0E2B-4AD8-AC21-68296CB0B972}.Release|Any CPU.Build.0 = Release|Any CPU
		{77CBF19D-9F1B-4CE6-B2B1-B6D4069FA433}.Debug|Any CPU.ActiveCfg = Debug|Any CPU
		{77CBF19D-9F1B-4CE6-B2B1-B6D4069FA433}.Debug|Any CPU.Build.0 = Debug|Any CPU
		{77CBF19D-9F1B-4CE6-B2B1-B6D4069FA433}.Release|Any CPU.ActiveCfg = Release|Any CPU
		{77CBF19D-9F1B-4CE6-B2B1-B6D4069FA433}.Release|Any CPU.Build.0 = Release|Any CPU
		{25139647-CDAB-49CA-B785-CF5C4A4151F6}.Debug|Any CPU.ActiveCfg = Debug|Any CPU
		{25139647-CDAB-49CA-B785-CF5C4A4151F6}.Debug|Any CPU.Build.0 = Debug|Any CPU
		{25139647-CDAB-49CA-B785-CF5C4A4151F6}.Release|Any CPU.ActiveCfg = Release|Any CPU
		{25139647-CDAB-49CA-B785-CF5C4A4151F6}.Release|Any CPU.Build.0 = Release|Any CPU
	EndGlobalSection
	GlobalSection(SolutionProperties) = preSolution
		HideSolutionNode = FALSE
	EndGlobalSection
	GlobalSection(NestedProjects) = preSolution
		{CCEA4FED-360C-40D1-8B3D-3311594B82E8} = {ECA9FE42-1856-4202-935E-9BB8C9C7205E}
		{2DAA7CC4-0E2B-4AD8-AC21-68296CB0B972} = {ECA9FE42-1856-4202-935E-9BB8C9C7205E}
		{77CBF19D-9F1B-4CE6-B2B1-B6D4069FA433} = {ECA9FE42-1856-4202-935E-9BB8C9C7205E}
		{25139647-CDAB-49CA-B785-CF5C4A4151F6} = {ECA9FE42-1856-4202-935E-9BB8C9C7205E}
	EndGlobalSection
EndGlobal
